// !$*UTF8*$!
{
	archiveVersion = 1;
	classes = {
	};
	objectVersion = 46;
	objects = {

/* Begin PBXBuildFile section */
		691300AA1BC6D33800D34BC7 /* lolHome.jpg in Resources */ = {isa = PBXBuildFile; fileRef = 691300A61BC6D33700D34BC7 /* lolHome.jpg */; };
		691300AB1BC6D33800D34BC7 /* lolNorm.jpg in Resources */ = {isa = PBXBuildFile; fileRef = 691300A71BC6D33800D34BC7 /* lolNorm.jpg */; };
		691300AC1BC6D33800D34BC7 /* lolSpell.jpg in Resources */ = {isa = PBXBuildFile; fileRef = 691300A81BC6D33800D34BC7 /* lolSpell.jpg */; };
		691300AD1BC6D33800D34BC7 /* lolChamp.jpg in Resources */ = {isa = PBXBuildFile; fileRef = 691300A91BC6D33800D34BC7 /* lolChamp.jpg */; };
		692537631B9784B20057B550 /* global.plist in Resources */ = {isa = PBXBuildFile; fileRef = 692537621B9784B20057B550 /* global.plist */; };
		694928C51B92A6A900606C63 /* SearchViewController.m in Sources */ = {isa = PBXBuildFile; fileRef = 694928C41B92A6A900606C63 /* SearchViewController.m */; };
		694928C81B92A6D700606C63 /* MyTabBarViewController.m in Sources */ = {isa = PBXBuildFile; fileRef = 694928C71B92A6D700606C63 /* MyTabBarViewController.m */; };
		694928CB1B92A6EE00606C63 /* NormalViewController.m in Sources */ = {isa = PBXBuildFile; fileRef = 694928CA1B92A6EE00606C63 /* NormalViewController.m */; };
		694928D41B938AEA00606C63 /* ChampionViewController.m in Sources */ = {isa = PBXBuildFile; fileRef = 694928D31B938AEA00606C63 /* ChampionViewController.m */; };
		694928DF1B93E35500606C63 /* bg.jpeg in Resources */ = {isa = PBXBuildFile; fileRef = 694928DE1B93E35500606C63 /* bg.jpeg */; };
		694928E31B94041F00606C63 /* greyBg.jpg in Resources */ = {isa = PBXBuildFile; fileRef = 694928E21B94041F00606C63 /* greyBg.jpg */; };
		695876BB1B95549E00897696 /* RankedViewController.m in Sources */ = {isa = PBXBuildFile; fileRef = 695876BA1B95549E00897696 /* RankedViewController.m */; };
		695876D61B95654200897696 /* bronze_i.png in Resources */ = {isa = PBXBuildFile; fileRef = 695876BD1B95654200897696 /* bronze_i.png */; };
		695876D71B95654200897696 /* bronze_ii.png in Resources */ = {isa = PBXBuildFile; fileRef = 695876BE1B95654200897696 /* bronze_ii.png */; };
		695876D81B95654200897696 /* bronze_iii.png in Resources */ = {isa = PBXBuildFile; fileRef = 695876BF1B95654200897696 /* bronze_iii.png */; };
		695876D91B95654200897696 /* bronze_iv.png in Resources */ = {isa = PBXBuildFile; fileRef = 695876C01B95654200897696 /* bronze_iv.png */; };
		695876DA1B95654200897696 /* bronze_v.png in Resources */ = {isa = PBXBuildFile; fileRef = 695876C11B95654200897696 /* bronze_v.png */; };
		695876DB1B95654200897696 /* diamond_i.png in Resources */ = {isa = PBXBuildFile; fileRef = 695876C21B95654200897696 /* diamond_i.png */; };
		695876DC1B95654200897696 /* diamond_ii.png in Resources */ = {isa = PBXBuildFile; fileRef = 695876C31B95654200897696 /* diamond_ii.png */; };
		695876DD1B95654200897696 /* diamond_iii.png in Resources */ = {isa = PBXBuildFile; fileRef = 695876C41B95654200897696 /* diamond_iii.png */; };
		695876DE1B95654200897696 /* diamond_iv.png in Resources */ = {isa = PBXBuildFile; fileRef = 695876C51B95654200897696 /* diamond_iv.png */; };
		695876DF1B95654200897696 /* diamond_v.png in Resources */ = {isa = PBXBuildFile; fileRef = 695876C61B95654200897696 /* diamond_v.png */; };
		695876E01B95654200897696 /* gold_i.png in Resources */ = {isa = PBXBuildFile; fileRef = 695876C71B95654200897696 /* gold_i.png */; };
		695876E11B95654200897696 /* gold_ii.png in Resources */ = {isa = PBXBuildFile; fileRef = 695876C81B95654200897696 /* gold_ii.png */; };
		695876E21B95654200897696 /* gold_iii.png in Resources */ = {isa = PBXBuildFile; fileRef = 695876C91B95654200897696 /* gold_iii.png */; };
		695876E31B95654200897696 /* gold_iv.png in Resources */ = {isa = PBXBuildFile; fileRef = 695876CA1B95654200897696 /* gold_iv.png */; };
		695876E41B95654200897696 /* gold_v.png in Resources */ = {isa = PBXBuildFile; fileRef = 695876CB1B95654200897696 /* gold_v.png */; };
		695876E51B95654200897696 /* platinum_i.png in Resources */ = {isa = PBXBuildFile; fileRef = 695876CC1B95654200897696 /* platinum_i.png */; };
		695876E61B95654200897696 /* platinum_ii.png in Resources */ = {isa = PBXBuildFile; fileRef = 695876CD1B95654200897696 /* platinum_ii.png */; };
		695876E71B95654200897696 /* platinum_iii.png in Resources */ = {isa = PBXBuildFile; fileRef = 695876CE1B95654200897696 /* platinum_iii.png */; };
		695876E81B95654200897696 /* platinum_iv.png in Resources */ = {isa = PBXBuildFile; fileRef = 695876CF1B95654200897696 /* platinum_iv.png */; };
		695876E91B95654200897696 /* platinum_v.png in Resources */ = {isa = PBXBuildFile; fileRef = 695876D01B95654200897696 /* platinum_v.png */; };
		695876EA1B95654200897696 /* silver_i.png in Resources */ = {isa = PBXBuildFile; fileRef = 695876D11B95654200897696 /* silver_i.png */; };
		695876EB1B95654200897696 /* silver_ii.png in Resources */ = {isa = PBXBuildFile; fileRef = 695876D21B95654200897696 /* silver_ii.png */; };
		695876EC1B95654200897696 /* silver_iii.png in Resources */ = {isa = PBXBuildFile; fileRef = 695876D31B95654200897696 /* silver_iii.png */; };
		695876ED1B95654200897696 /* silver_iv.png in Resources */ = {isa = PBXBuildFile; fileRef = 695876D41B95654200897696 /* silver_iv.png */; };
		695876EE1B95654200897696 /* silver_v.png in Resources */ = {isa = PBXBuildFile; fileRef = 695876D51B95654200897696 /* silver_v.png */; };
		695876F21B95656B00897696 /* challenger.png in Resources */ = {isa = PBXBuildFile; fileRef = 695876EF1B95656B00897696 /* challenger.png */; };
		695876F31B95656B00897696 /* master.png in Resources */ = {isa = PBXBuildFile; fileRef = 695876F01B95656B00897696 /* master.png */; };
		695876F41B95656B00897696 /* provisional.png in Resources */ = {isa = PBXBuildFile; fileRef = 695876F11B95656B00897696 /* provisional.png */; };
		6960BF591B976BD700BBEEDA /* DataDownloader.m in Sources */ = {isa = PBXBuildFile; fileRef = 6960BF581B976BD700BBEEDA /* DataDownloader.m */; };
		69C140A91B96D690002AF572 /* ChampTableViewCell.m in Sources */ = {isa = PBXBuildFile; fileRef = 69C140A81B96D690002AF572 /* ChampTableViewCell.m */; };
		69CAAC311B9449C00051931A /* joystick-25.png in Resources */ = {isa = PBXBuildFile; fileRef = 69CAAC301B9449C00051931A /* joystick-25.png */; };
		69CAAC331B9449CA0051931A /* hearts-25.png in Resources */ = {isa = PBXBuildFile; fileRef = 69CAAC321B9449CA0051931A /* hearts-25.png */; };
		69D2D82A1B928C120005B8CB /* main.m in Sources */ = {isa = PBXBuildFile; fileRef = 69D2D8291B928C120005B8CB /* main.m */; };
		69D2D82D1B928C120005B8CB /* AppDelegate.m in Sources */ = {isa = PBXBuildFile; fileRef = 69D2D82C1B928C120005B8CB /* AppDelegate.m */; };
		69D2D8331B928C120005B8CB /* Main.storyboard in Resources */ = {isa = PBXBuildFile; fileRef = 69D2D8311B928C120005B8CB /* Main.storyboard */; };
		69D2D8351B928C120005B8CB /* Images.xcassets in Resources */ = {isa = PBXBuildFile; fileRef = 69D2D8341B928C120005B8CB /* Images.xcassets */; };
		69D2D8381B928C120005B8CB /* LaunchScreen.xib in Resources */ = {isa = PBXBuildFile; fileRef = 69D2D8361B928C120005B8CB /* LaunchScreen.xib */; };
		69D2D8441B928C120005B8CB /* LoLAppTests.m in Sources */ = {isa = PBXBuildFile; fileRef = 69D2D8431B928C120005B8CB /* LoLAppTests.m */; };
/* End PBXBuildFile section */

/* Begin PBXContainerItemProxy section */
		69D2D83E1B928C120005B8CB /* PBXContainerItemProxy */ = {
			isa = PBXContainerItemProxy;
			containerPortal = 69D2D81C1B928C120005B8CB /* Project object */;
			proxyType = 1;
			remoteGlobalIDString = 69D2D8231B928C120005B8CB;
			remoteInfo = LoLApp;
		};
/* End PBXContainerItemProxy section */

/* Begin PBXFileReference section */
		691300A61BC6D33700D34BC7 /* lolHome.jpg */ = {isa = PBXFileReference; lastKnownFileType = image.jpeg; path = lolHome.jpg; sourceTree = "<group>"; };
		691300A71BC6D33800D34BC7 /* lolNorm.jpg */ = {isa = PBXFileReference; lastKnownFileType = image.jpeg; path = lolNorm.jpg; sourceTree = "<group>"; };
		691300A81BC6D33800D34BC7 /* lolSpell.jpg */ = {isa = PBXFileReference; lastKnownFileType = image.jpeg; path = lolSpell.jpg; sourceTree = "<group>"; };
		691300A91BC6D33800D34BC7 /* lolChamp.jpg */ = {isa = PBXFileReference; lastKnownFileType = image.jpeg; path = lolChamp.jpg; sourceTree = "<group>"; };
		692537621B9784B20057B550 /* global.plist */ = {isa = PBXFileReference; fileEncoding = 4; lastKnownFileType = text.plist.xml; path = global.plist; sourceTree = "<group>"; };
		694928C31B92A6A900606C63 /* SearchViewController.h */ = {isa = PBXFileReference; fileEncoding = 4; lastKnownFileType = sourcecode.c.h; path = SearchViewController.h; sourceTree = "<group>"; };
		694928C41B92A6A900606C63 /* SearchViewController.m */ = {isa = PBXFileReference; fileEncoding = 4; lastKnownFileType = sourcecode.c.objc; path = SearchViewController.m; sourceTree = "<group>"; };
		694928C61B92A6D700606C63 /* MyTabBarViewController.h */ = {isa = PBXFileReference; fileEncoding = 4; lastKnownFileType = sourcecode.c.h; path = MyTabBarViewController.h; sourceTree = "<group>"; };
		694928C71B92A6D700606C63 /* MyTabBarViewController.m */ = {isa = PBXFileReference; fileEncoding = 4; lastKnownFileType = sourcecode.c.objc; path = MyTabBarViewController.m; sourceTree = "<group>"; };
		694928C91B92A6EE00606C63 /* NormalViewController.h */ = {isa = PBXFileReference; fileEncoding = 4; lastKnownFileType = sourcecode.c.h; path = NormalViewController.h; sourceTree = "<group>"; };
		694928CA1B92A6EE00606C63 /* NormalViewController.m */ = {isa = PBXFileReference; fileEncoding = 4; lastKnownFileType = sourcecode.c.objc; path = NormalViewController.m; sourceTree = "<group>"; };
		694928D21B938AEA00606C63 /* ChampionViewController.h */ = {isa = PBXFileReference; fileEncoding = 4; lastKnownFileType = sourcecode.c.h; path = ChampionViewController.h; sourceTree = "<group>"; };
		694928D31B938AEA00606C63 /* ChampionViewController.m */ = {isa = PBXFileReference; fileEncoding = 4; lastKnownFileType = sourcecode.c.objc; path = ChampionViewController.m; sourceTree = "<group>"; };
		694928DE1B93E35500606C63 /* bg.jpeg */ = {isa = PBXFileReference; lastKnownFileType = image.jpeg; path = bg.jpeg; sourceTree = "<group>"; };
		694928E21B94041F00606C63 /* greyBg.jpg */ = {isa = PBXFileReference; lastKnownFileType = image.jpeg; path = greyBg.jpg; sourceTree = "<group>"; };
		695876B91B95549E00897696 /* RankedViewController.h */ = {isa = PBXFileReference; fileEncoding = 4; lastKnownFileType = sourcecode.c.h; path = RankedViewController.h; sourceTree = "<group>"; };
		695876BA1B95549E00897696 /* RankedViewController.m */ = {isa = PBXFileReference; fileEncoding = 4; lastKnownFileType = sourcecode.c.objc; path = RankedViewController.m; sourceTree = "<group>"; };
		695876BD1B95654200897696 /* bronze_i.png */ = {isa = PBXFileReference; lastKnownFileType = image.png; path = bronze_i.png; sourceTree = "<group>"; };
		695876BE1B95654200897696 /* bronze_ii.png */ = {isa = PBXFileReference; lastKnownFileType = image.png; path = bronze_ii.png; sourceTree = "<group>"; };
		695876BF1B95654200897696 /* bronze_iii.png */ = {isa = PBXFileReference; lastKnownFileType = image.png; path = bronze_iii.png; sourceTree = "<group>"; };
		695876C01B95654200897696 /* bronze_iv.png */ = {isa = PBXFileReference; lastKnownFileType = image.png; path = bronze_iv.png; sourceTree = "<group>"; };
		695876C11B95654200897696 /* bronze_v.png */ = {isa = PBXFileReference; lastKnownFileType = image.png; path = bronze_v.png; sourceTree = "<group>"; };
		695876C21B95654200897696 /* diamond_i.png */ = {isa = PBXFileReference; lastKnownFileType = image.png; path = diamond_i.png; sourceTree = "<group>"; };
		695876C31B95654200897696 /* diamond_ii.png */ = {isa = PBXFileReference; lastKnownFileType = image.png; path = diamond_ii.png; sourceTree = "<group>"; };
		695876C41B95654200897696 /* diamond_iii.png */ = {isa = PBXFileReference; lastKnownFileType = image.png; path = diamond_iii.png; sourceTree = "<group>"; };
		695876C51B95654200897696 /* diamond_iv.png */ = {isa = PBXFileReference; lastKnownFileType = image.png; path = diamond_iv.png; sourceTree = "<group>"; };
		695876C61B95654200897696 /* diamond_v.png */ = {isa = PBXFileReference; lastKnownFileType = image.png; path = diamond_v.png; sourceTree = "<group>"; };
		695876C71B95654200897696 /* gold_i.png */ = {isa = PBXFileReference; lastKnownFileType = image.png; path = gold_i.png; sourceTree = "<group>"; };
		695876C81B95654200897696 /* gold_ii.png */ = {isa = PBXFileReference; lastKnownFileType = image.png; path = gold_ii.png; sourceTree = "<group>"; };
		695876C91B95654200897696 /* gold_iii.png */ = {isa = PBXFileReference; lastKnownFileType = image.png; path = gold_iii.png; sourceTree = "<group>"; };
		695876CA1B95654200897696 /* gold_iv.png */ = {isa = PBXFileReference; lastKnownFileType = image.png; path = gold_iv.png; sourceTree = "<group>"; };
		695876CB1B95654200897696 /* gold_v.png */ = {isa = PBXFileReference; lastKnownFileType = image.png; path = gold_v.png; sourceTree = "<group>"; };
		695876CC1B95654200897696 /* platinum_i.png */ = {isa = PBXFileReference; lastKnownFileType = image.png; path = platinum_i.png; sourceTree = "<group>"; };
		695876CD1B95654200897696 /* platinum_ii.png */ = {isa = PBXFileReference; lastKnownFileType = image.png; path = platinum_ii.png; sourceTree = "<group>"; };
		695876CE1B95654200897696 /* platinum_iii.png */ = {isa = PBXFileReference; lastKnownFileType = image.png; path = platinum_iii.png; sourceTree = "<group>"; };
		695876CF1B95654200897696 /* platinum_iv.png */ = {isa = PBXFileReference; lastKnownFileType = image.png; path = platinum_iv.png; sourceTree = "<group>"; };
		695876D01B95654200897696 /* platinum_v.png */ = {isa = PBXFileReference; lastKnownFileType = image.png; path = platinum_v.png; sourceTree = "<group>"; };
		695876D11B95654200897696 /* silver_i.png */ = {isa = PBXFileReference; lastKnownFileType = image.png; path = silver_i.png; sourceTree = "<group>"; };
		695876D21B95654200897696 /* silver_ii.png */ = {isa = PBXFileReference; lastKnownFileType = image.png; path = silver_ii.png; sourceTree = "<group>"; };
		695876D31B95654200897696 /* silver_iii.png */ = {isa = PBXFileReference; lastKnownFileType = image.png; path = silver_iii.png; sourceTree = "<group>"; };
		695876D41B95654200897696 /* silver_iv.png */ = {isa = PBXFileReference; lastKnownFileType = image.png; path = silver_iv.png; sourceTree = "<group>"; };
		695876D51B95654200897696 /* silver_v.png */ = {isa = PBXFileReference; lastKnownFileType = image.png; path = silver_v.png; sourceTree = "<group>"; };
		695876EF1B95656B00897696 /* challenger.png */ = {isa = PBXFileReference; lastKnownFileType = image.png; path = challenger.png; sourceTree = "<group>"; };
		695876F01B95656B00897696 /* master.png */ = {isa = PBXFileReference; lastKnownFileType = image.png; path = master.png; sourceTree = "<group>"; };
		695876F11B95656B00897696 /* provisional.png */ = {isa = PBXFileReference; lastKnownFileType = image.png; path = provisional.png; sourceTree = "<group>"; };
		6960BF571B976BD700BBEEDA /* DataDownloader.h */ = {isa = PBXFileReference; fileEncoding = 4; lastKnownFileType = sourcecode.c.h; path = DataDownloader.h; sourceTree = "<group>"; };
		6960BF581B976BD700BBEEDA /* DataDownloader.m */ = {isa = PBXFileReference; fileEncoding = 4; lastKnownFileType = sourcecode.c.objc; path = DataDownloader.m; sourceTree = "<group>"; };
		69C140A71B96D690002AF572 /* ChampTableViewCell.h */ = {isa = PBXFileReference; fileEncoding = 4; lastKnownFileType = sourcecode.c.h; path = ChampTableViewCell.h; sourceTree = "<group>"; };
		69C140A81B96D690002AF572 /* ChampTableViewCell.m */ = {isa = PBXFileReference; fileEncoding = 4; lastKnownFileType = sourcecode.c.objc; path = ChampTableViewCell.m; sourceTree = "<group>"; };
		69CAAC301B9449C00051931A /* joystick-25.png */ = {isa = PBXFileReference; lastKnownFileType = image.png; path = "joystick-25.png"; sourceTree = "<group>"; };
		69CAAC321B9449CA0051931A /* hearts-25.png */ = {isa = PBXFileReference; lastKnownFileType = image.png; path = "hearts-25.png"; sourceTree = "<group>"; };
		69D2D8241B928C120005B8CB /* LoLApp.app */ = {isa = PBXFileReference; explicitFileType = wrapper.application; includeInIndex = 0; path = LoLApp.app; sourceTree = BUILT_PRODUCTS_DIR; };
		69D2D8281B928C120005B8CB /* Info.plist */ = {isa = PBXFileReference; lastKnownFileType = text.plist.xml; path = Info.plist; sourceTree = "<group>"; };
		69D2D8291B928C120005B8CB /* main.m */ = {isa = PBXFileReference; lastKnownFileType = sourcecode.c.objc; path = main.m; sourceTree = "<group>"; };
		69D2D82B1B928C120005B8CB /* AppDelegate.h */ = {isa = PBXFileReference; lastKnownFileType = sourcecode.c.h; path = AppDelegate.h; sourceTree = "<group>"; };
		69D2D82C1B928C120005B8CB /* AppDelegate.m */ = {isa = PBXFileReference; lastKnownFileType = sourcecode.c.objc; path = AppDelegate.m; sourceTree = "<group>"; };
		69D2D8321B928C120005B8CB /* Base */ = {isa = PBXFileReference; lastKnownFileType = file.storyboard; name = Base; path = Base.lproj/Main.storyboard; sourceTree = "<group>"; };
		69D2D8341B928C120005B8CB /* Images.xcassets */ = {isa = PBXFileReference; lastKnownFileType = folder.assetcatalog; path = Images.xcassets; sourceTree = "<group>"; };
		69D2D8371B928C120005B8CB /* Base */ = {isa = PBXFileReference; lastKnownFileType = file.xib; name = Base; path = Base.lproj/LaunchScreen.xib; sourceTree = "<group>"; };
		69D2D83D1B928C120005B8CB /* LoLAppTests.xctest */ = {isa = PBXFileReference; explicitFileType = wrapper.cfbundle; includeInIndex = 0; path = LoLAppTests.xctest; sourceTree = BUILT_PRODUCTS_DIR; };
		69D2D8421B928C120005B8CB /* Info.plist */ = {isa = PBXFileReference; lastKnownFileType = text.plist.xml; path = Info.plist; sourceTree = "<group>"; };
		69D2D8431B928C120005B8CB /* LoLAppTests.m */ = {isa = PBXFileReference; lastKnownFileType = sourcecode.c.objc; path = LoLAppTests.m; sourceTree = "<group>"; };
/* End PBXFileReference section */

/* Begin PBXFrameworksBuildPhase section */
		69D2D8211B928C120005B8CB /* Frameworks */ = {
			isa = PBXFrameworksBuildPhase;
			buildActionMask = 2147483647;
			files = (
			);
			runOnlyForDeploymentPostprocessing = 0;
		};
		69D2D83A1B928C120005B8CB /* Frameworks */ = {
			isa = PBXFrameworksBuildPhase;
			buildActionMask = 2147483647;
			files = (
			);
			runOnlyForDeploymentPostprocessing = 0;
		};
/* End PBXFrameworksBuildPhase section */

/* Begin PBXGroup section */
		6925375D1B9776740057B550 /* Main */ = {
			isa = PBXGroup;
			children = (
				69D2D82B1B928C120005B8CB /* AppDelegate.h */,
				69D2D82C1B928C120005B8CB /* AppDelegate.m */,
				69D2D8311B928C120005B8CB /* Main.storyboard */,
			);
			name = Main;
			sourceTree = "<group>";
		};
		6925375E1B9776B40057B550 /* Utils */ = {
			isa = PBXGroup;
			children = (
				6960BF571B976BD700BBEEDA /* DataDownloader.h */,
				6960BF581B976BD700BBEEDA /* DataDownloader.m */,
			);
			name = Utils;
			sourceTree = "<group>";
		};
		6925375F1B9776BE0057B550 /* Search */ = {
			isa = PBXGroup;
			children = (
				692537641B97851A0057B550 /* TableViewCell */,
				694928C31B92A6A900606C63 /* SearchViewController.h */,
				694928C41B92A6A900606C63 /* SearchViewController.m */,
			);
			name = Search;
			sourceTree = "<group>";
		};
		692537601B9776CD0057B550 /* Champions */ = {
			isa = PBXGroup;
			children = (
				694928D21B938AEA00606C63 /* ChampionViewController.h */,
				694928D31B938AEA00606C63 /* ChampionViewController.m */,
			);
			name = Champions;
			sourceTree = "<group>";
		};
		692537611B9776D80057B550 /* Summoners */ = {
			isa = PBXGroup;
			children = (
				694928C61B92A6D700606C63 /* MyTabBarViewController.h */,
				694928C71B92A6D700606C63 /* MyTabBarViewController.m */,
				694928C91B92A6EE00606C63 /* NormalViewController.h */,
				694928CA1B92A6EE00606C63 /* NormalViewController.m */,
				695876B91B95549E00897696 /* RankedViewController.h */,
				695876BA1B95549E00897696 /* RankedViewController.m */,
			);
			name = Summoners;
			sourceTree = "<group>";
		};
		692537641B97851A0057B550 /* TableViewCell */ = {
			isa = PBXGroup;
			children = (
				69C140A71B96D690002AF572 /* ChampTableViewCell.h */,
				69C140A81B96D690002AF572 /* ChampTableViewCell.m */,
			);
			name = TableViewCell;
			sourceTree = "<group>";
		};
		695876BC1B95652500897696 /* RankedImages */ = {
			isa = PBXGroup;
			children = (
				695876F11B95656B00897696 /* provisional.png */,
				695876EF1B95656B00897696 /* challenger.png */,
				695876F01B95656B00897696 /* master.png */,
				695876BD1B95654200897696 /* bronze_i.png */,
				695876BE1B95654200897696 /* bronze_ii.png */,
				695876BF1B95654200897696 /* bronze_iii.png */,
				695876C01B95654200897696 /* bronze_iv.png */,
				695876C11B95654200897696 /* bronze_v.png */,
				695876C21B95654200897696 /* diamond_i.png */,
				695876C31B95654200897696 /* diamond_ii.png */,
				695876C41B95654200897696 /* diamond_iii.png */,
				695876C51B95654200897696 /* diamond_iv.png */,
				695876C61B95654200897696 /* diamond_v.png */,
				695876C71B95654200897696 /* gold_i.png */,
				695876C81B95654200897696 /* gold_ii.png */,
				695876C91B95654200897696 /* gold_iii.png */,
				695876CA1B95654200897696 /* gold_iv.png */,
				695876CB1B95654200897696 /* gold_v.png */,
				695876CC1B95654200897696 /* platinum_i.png */,
				695876CD1B95654200897696 /* platinum_ii.png */,
				695876CE1B95654200897696 /* platinum_iii.png */,
				695876CF1B95654200897696 /* platinum_iv.png */,
				695876D01B95654200897696 /* platinum_v.png */,
				695876D11B95654200897696 /* silver_i.png */,
				695876D21B95654200897696 /* silver_ii.png */,
				695876D31B95654200897696 /* silver_iii.png */,
				695876D41B95654200897696 /* silver_iv.png */,
				695876D51B95654200897696 /* silver_v.png */,
			);
			name = RankedImages;
			sourceTree = "<group>";
		};
		69D2D81B1B928C120005B8CB = {
			isa = PBXGroup;
			children = (
				69D2D8261B928C120005B8CB /* LoLApp */,
				69D2D8401B928C120005B8CB /* LoLAppTests */,
				69D2D8251B928C120005B8CB /* Products */,
			);
			sourceTree = "<group>";
		};
		69D2D8251B928C120005B8CB /* Products */ = {
			isa = PBXGroup;
			children = (
				69D2D8241B928C120005B8CB /* LoLApp.app */,
				69D2D83D1B928C120005B8CB /* LoLAppTests.xctest */,
			);
			name = Products;
			sourceTree = "<group>";
		};
		69D2D8261B928C120005B8CB /* LoLApp */ = {
			isa = PBXGroup;
			children = (
				691300A61BC6D33700D34BC7 /* lolHome.jpg */,
				691300A71BC6D33800D34BC7 /* lolNorm.jpg */,
				691300A81BC6D33800D34BC7 /* lolSpell.jpg */,
				691300A91BC6D33800D34BC7 /* lolChamp.jpg */,
				6925375D1B9776740057B550 /* Main */,
				6925375F1B9776BE0057B550 /* Search */,
				692537601B9776CD0057B550 /* Champions */,
				692537611B9776D80057B550 /* Summoners */,
				6925375E1B9776B40057B550 /* Utils */,
				69D2D8341B928C120005B8CB /* Images.xcassets */,
				69D2D8361B928C120005B8CB /* LaunchScreen.xib */,
				69D2D8271B928C120005B8CB /* Supporting Files */,
			);
			path = LoLApp;
			sourceTree = "<group>";
		};
		69D2D8271B928C120005B8CB /* Supporting Files */ = {
			isa = PBXGroup;
			children = (
				695876BC1B95652500897696 /* RankedImages */,
				69CAAC321B9449CA0051931A /* hearts-25.png */,
				69CAAC301B9449C00051931A /* joystick-25.png */,
				694928E21B94041F00606C63 /* greyBg.jpg */,
				694928DE1B93E35500606C63 /* bg.jpeg */,
				69D2D8281B928C120005B8CB /* Info.plist */,
				69D2D8291B928C120005B8CB /* main.m */,
				692537621B9784B20057B550 /* global.plist */,
			);
			name = "Supporting Files";
			sourceTree = "<group>";
		};
		69D2D8401B928C120005B8CB /* LoLAppTests */ = {
			isa = PBXGroup;
			children = (
				69D2D8431B928C120005B8CB /* LoLAppTests.m */,
				69D2D8411B928C120005B8CB /* Supporting Files */,
			);
			path = LoLAppTests;
			sourceTree = "<group>";
		};
		69D2D8411B928C120005B8CB /* Supporting Files */ = {
			isa = PBXGroup;
			children = (
				69D2D8421B928C120005B8CB /* Info.plist */,
			);
			name = "Supporting Files";
			sourceTree = "<group>";
		};
/* End PBXGroup section */

/* Begin PBXNativeTarget section */
		69D2D8231B928C120005B8CB /* LoLApp */ = {
			isa = PBXNativeTarget;
			buildConfigurationList = 69D2D8471B928C120005B8CB /* Build configuration list for PBXNativeTarget "LoLApp" */;
			buildPhases = (
				69D2D8201B928C120005B8CB /* Sources */,
				69D2D8211B928C120005B8CB /* Frameworks */,
				69D2D8221B928C120005B8CB /* Resources */,
			);
			buildRules = (
			);
			dependencies = (
			);
			name = LoLApp;
			productName = LoLApp;
			productReference = 69D2D8241B928C120005B8CB /* LoLApp.app */;
			productType = "com.apple.product-type.application";
		};
		69D2D83C1B928C120005B8CB /* LoLAppTests */ = {
			isa = PBXNativeTarget;
			buildConfigurationList = 69D2D84A1B928C120005B8CB /* Build configuration list for PBXNativeTarget "LoLAppTests" */;
			buildPhases = (
				69D2D8391B928C120005B8CB /* Sources */,
				69D2D83A1B928C120005B8CB /* Frameworks */,
				69D2D83B1B928C120005B8CB /* Resources */,
			);
			buildRules = (
			);
			dependencies = (
				69D2D83F1B928C120005B8CB /* PBXTargetDependency */,
			);
			name = LoLAppTests;
			productName = LoLAppTests;
			productReference = 69D2D83D1B928C120005B8CB /* LoLAppTests.xctest */;
			productType = "com.apple.product-type.bundle.unit-test";
		};
/* End PBXNativeTarget section */

/* Begin PBXProject section */
		69D2D81C1B928C120005B8CB /* Project object */ = {
			isa = PBXProject;
			attributes = {
				LastUpgradeCheck = 0640;
				ORGANIZATIONNAME = LT;
				TargetAttributes = {
					69D2D8231B928C120005B8CB = {
						CreatedOnToolsVersion = 6.4;
					};
					69D2D83C1B928C120005B8CB = {
						CreatedOnToolsVersion = 6.4;
						TestTargetID = 69D2D8231B928C120005B8CB;
					};
				};
			};
			buildConfigurationList = 69D2D81F1B928C120005B8CB /* Build configuration list for PBXProject "LoLApp" */;
			compatibilityVersion = "Xcode 3.2";
			developmentRegion = English;
			hasScannedForEncodings = 0;
			knownRegions = (
				en,
				Base,
			);
			mainGroup = 69D2D81B1B928C120005B8CB;
			productRefGroup = 69D2D8251B928C120005B8CB /* Products */;
			projectDirPath = "";
			projectRoot = "";
			targets = (
				69D2D8231B928C120005B8CB /* LoLApp */,
				69D2D83C1B928C120005B8CB /* LoLAppTests */,
			);
		};
/* End PBXProject section */

/* Begin PBXResourcesBuildPhase section */
		69D2D8221B928C120005B8CB /* Resources */ = {
			isa = PBXResourcesBuildPhase;
			buildActionMask = 2147483647;
			files = (
				695876F21B95656B00897696 /* challenger.png in Resources */,
				695876F41B95656B00897696 /* provisional.png in Resources */,
				695876E11B95654200897696 /* gold_ii.png in Resources */,
				695876E31B95654200897696 /* gold_iv.png in Resources */,
				695876F31B95656B00897696 /* master.png in Resources */,
				695876E81B95654200897696 /* platinum_iv.png in Resources */,
				695876DC1B95654200897696 /* diamond_ii.png in Resources */,
				695876EA1B95654200897696 /* silver_i.png in Resources */,
				695876E51B95654200897696 /* platinum_i.png in Resources */,
				695876E91B95654200897696 /* platinum_v.png in Resources */,
				695876E71B95654200897696 /* platinum_iii.png in Resources */,
				692537631B9784B20057B550 /* global.plist in Resources */,
				695876DF1B95654200897696 /* diamond_v.png in Resources */,
				695876EE1B95654200897696 /* silver_v.png in Resources */,
				695876DB1B95654200897696 /* diamond_i.png in Resources */,
				695876EC1B95654200897696 /* silver_iii.png in Resources */,
				694928E31B94041F00606C63 /* greyBg.jpg in Resources */,
				695876D71B95654200897696 /* bronze_ii.png in Resources */,
				694928DF1B93E35500606C63 /* bg.jpeg in Resources */,
				695876E41B95654200897696 /* gold_v.png in Resources */,
				695876DD1B95654200897696 /* diamond_iii.png in Resources */,
				695876D91B95654200897696 /* bronze_iv.png in Resources */,
				691300AA1BC6D33800D34BC7 /* lolHome.jpg in Resources */,
				695876ED1B95654200897696 /* silver_iv.png in Resources */,
				695876DA1B95654200897696 /* bronze_v.png in Resources */,
				695876E61B95654200897696 /* platinum_ii.png in Resources */,
				69CAAC331B9449CA0051931A /* hearts-25.png in Resources */,
				691300AC1BC6D33800D34BC7 /* lolSpell.jpg in Resources */,
				695876EB1B95654200897696 /* silver_ii.png in Resources */,
				695876E21B95654200897696 /* gold_iii.png in Resources */,
				69CAAC311B9449C00051931A /* joystick-25.png in Resources */,
				695876E01B95654200897696 /* gold_i.png in Resources */,
				695876D81B95654200897696 /* bronze_iii.png in Resources */,
				695876DE1B95654200897696 /* diamond_iv.png in Resources */,
				69D2D8331B928C120005B8CB /* Main.storyboard in Resources */,
				691300AD1BC6D33800D34BC7 /* lolChamp.jpg in Resources */,
				69D2D8381B928C120005B8CB /* LaunchScreen.xib in Resources */,
				691300AB1BC6D33800D34BC7 /* lolNorm.jpg in Resources */,
				69D2D8351B928C120005B8CB /* Images.xcassets in Resources */,
				695876D61B95654200897696 /* bronze_i.png in Resources */,
			);
			runOnlyForDeploymentPostprocessing = 0;
		};
		69D2D83B1B928C120005B8CB /* Resources */ = {
			isa = PBXResourcesBuildPhase;
			buildActionMask = 2147483647;
			files = (
			);
			runOnlyForDeploymentPostprocessing = 0;
		};
/* End PBXResourcesBuildPhase section */

/* Begin PBXSourcesBuildPhase section */
		69D2D8201B928C120005B8CB /* Sources */ = {
			isa = PBXSourcesBuildPhase;
			buildActionMask = 2147483647;
			files = (
				694928C81B92A6D700606C63 /* MyTabBarViewController.m in Sources */,
				69D2D82D1B928C120005B8CB /* AppDelegate.m in Sources */,
				695876BB1B95549E00897696 /* RankedViewController.m in Sources */,
				69C140A91B96D690002AF572 /* ChampTableViewCell.m in Sources */,
				694928C51B92A6A900606C63 /* SearchViewController.m in Sources */,
				694928D41B938AEA00606C63 /* ChampionViewController.m in Sources */,
				694928CB1B92A6EE00606C63 /* NormalViewController.m in Sources */,
				6960BF591B976BD700BBEEDA /* DataDownloader.m in Sources */,
				69D2D82A1B928C120005B8CB /* main.m in Sources */,
			);
			runOnlyForDeploymentPostprocessing = 0;
		};
		69D2D8391B928C120005B8CB /* Sources */ = {
			isa = PBXSourcesBuildPhase;
			buildActionMask = 2147483647;
			files = (
				69D2D8441B928C120005B8CB /* LoLAppTests.m in Sources */,
			);
			runOnlyForDeploymentPostprocessing = 0;
		};
/* End PBXSourcesBuildPhase section */

/* Begin PBXTargetDependency section */
		69D2D83F1B928C120005B8CB /* PBXTargetDependency */ = {
			isa = PBXTargetDependency;
			target = 69D2D8231B928C120005B8CB /* LoLApp */;
			targetProxy = 69D2D83E1B928C120005B8CB /* PBXContainerItemProxy */;
		};
/* End PBXTargetDependency section */

/* Begin PBXVariantGroup section */
		69D2D8311B928C120005B8CB /* Main.storyboard */ = {
			isa = PBXVariantGroup;
			children = (
				69D2D8321B928C120005B8CB /* Base */,
			);
			name = Main.storyboard;
			sourceTree = "<group>";
		};
		69D2D8361B928C120005B8CB /* LaunchScreen.xib */ = {
			isa = PBXVariantGroup;
			children = (
				69D2D8371B928C120005B8CB /* Base */,
			);
			name = LaunchScreen.xib;
			sourceTree = "<group>";
		};
/* End PBXVariantGroup section */

/* Begin XCBuildConfiguration section */
		69D2D8451B928C120005B8CB /* Debug */ = {
			isa = XCBuildConfiguration;
			buildSettings = {
				ALWAYS_SEARCH_USER_PATHS = NO;
				CLANG_CXX_LANGUAGE_STANDARD = "gnu++0x";
				CLANG_CXX_LIBRARY = "libc++";
				CLANG_ENABLE_MODULES = YES;
				CLANG_ENABLE_OBJC_ARC = YES;
				CLANG_WARN_BOOL_CONVERSION = YES;
				CLANG_WARN_CONSTANT_CONVERSION = YES;
				CLANG_WARN_DIRECT_OBJC_ISA_USAGE = YES_ERROR;
				CLANG_WARN_EMPTY_BODY = YES;
				CLANG_WARN_ENUM_CONVERSION = YES;
				CLANG_WARN_INT_CONVERSION = YES;
				CLANG_WARN_OBJC_ROOT_CLASS = YES_ERROR;
				CLANG_WARN_UNREACHABLE_CODE = YES;
				CLANG_WARN__DUPLICATE_METHOD_MATCH = YES;
				"CODE_SIGN_IDENTITY[sdk=iphoneos*]" = "iPhone Developer";
				COPY_PHASE_STRIP = NO;
				DEBUG_INFORMATION_FORMAT = "dwarf-with-dsym";
				ENABLE_STRICT_OBJC_MSGSEND = YES;
				GCC_C_LANGUAGE_STANDARD = gnu99;
				GCC_DYNAMIC_NO_PIC = NO;
				GCC_NO_COMMON_BLOCKS = YES;
				GCC_OPTIMIZATION_LEVEL = 0;
				GCC_PREPROCESSOR_DEFINITIONS = (
					"DEBUG=1",
					"$(inherited)",
				);
				GCC_SYMBOLS_PRIVATE_EXTERN = NO;
				GCC_WARN_64_TO_32_BIT_CONVERSION = YES;
				GCC_WARN_ABOUT_RETURN_TYPE = YES_ERROR;
				GCC_WARN_UNDECLARED_SELECTOR = YES;
				GCC_WARN_UNINITIALIZED_AUTOS = YES_AGGRESSIVE;
				GCC_WARN_UNUSED_FUNCTION = YES;
				GCC_WARN_UNUSED_VARIABLE = YES;
				IPHONEOS_DEPLOYMENT_TARGET = 8.4;
				MTL_ENABLE_DEBUG_INFO = YES;
				ONLY_ACTIVE_ARCH = YES;
				SDKROOT = iphoneos;
			};
			name = Debug;
		};
		69D2D8461B928C120005B8CB /* Release */ = {
			isa = XCBuildConfiguration;
			buildSettings = {
				ALWAYS_SEARCH_USER_PATHS = NO;
				CLANG_CXX_LANGUAGE_STANDARD = "gnu++0x";
				CLANG_CXX_LIBRARY = "libc++";
				CLANG_ENABLE_MODULES = YES;
				CLANG_ENABLE_OBJC_ARC = YES;
				CLANG_WARN_BOOL_CONVERSION = YES;
				CLANG_WARN_CONSTANT_CONVERSION = YES;
				CLANG_WARN_DIRECT_OBJC_ISA_USAGE = YES_ERROR;
				CLANG_WARN_EMPTY_BODY = YES;
				CLANG_WARN_ENUM_CONVERSION = YES;
				CLANG_WARN_INT_CONVERSION = YES;
				CLANG_WARN_OBJC_ROOT_CLASS = YES_ERROR;
				CLANG_WARN_UNREACHABLE_CODE = YES;
				CLANG_WARN__DUPLICATE_METHOD_MATCH = YES;
				"CODE_SIGN_IDENTITY[sdk=iphoneos*]" = "iPhone Developer";
				COPY_PHASE_STRIP = NO;
				DEBUG_INFORMATION_FORMAT = "dwarf-with-dsym";
				ENABLE_NS_ASSERTIONS = NO;
				ENABLE_STRICT_OBJC_MSGSEND = YES;
				GCC_C_LANGUAGE_STANDARD = gnu99;
				GCC_NO_COMMON_BLOCKS = YES;
				GCC_WARN_64_TO_32_BIT_CONVERSION = YES;
				GCC_WARN_ABOUT_RETURN_TYPE = YES_ERROR;
				GCC_WARN_UNDECLARED_SELECTOR = YES;
				GCC_WARN_UNINITIALIZED_AUTOS = YES_AGGRESSIVE;
				GCC_WARN_UNUSED_FUNCTION = YES;
				GCC_WARN_UNUSED_VARIABLE = YES;
				IPHONEOS_DEPLOYMENT_TARGET = 8.4;
				MTL_ENABLE_DEBUG_INFO = NO;
				SDKROOT = iphoneos;
				VALIDATE_PRODUCT = YES;
			};
			name = Release;
		};
		69D2D8481B928C120005B8CB /* Debug */ = {
			isa = XCBuildConfiguration;
			buildSettings = {
				ASSETCATALOG_COMPILER_APPICON_NAME = AppIcon;
				INFOPLIST_FILE = LoLApp/Info.plist;
				IPHONEOS_DEPLOYMENT_TARGET = 8.0;
				LD_RUNPATH_SEARCH_PATHS = "$(inherited) @executable_path/Frameworks";
				PRODUCT_NAME = "$(TARGET_NAME)";
				TARGETED_DEVICE_FAMILY = "1,2";
			};
			name = Debug;
		};
		69D2D8491B928C120005B8CB /* Release */ = {
			isa = XCBuildConfiguration;
			buildSettings = {
				ASSETCATALOG_COMPILER_APPICON_NAME = AppIcon;
				INFOPLIST_FILE = LoLApp/Info.plist;
				IPHONEOS_DEPLOYMENT_TARGET = 8.0;
				LD_RUNPATH_SEARCH_PATHS = "$(inherited) @executable_path/Frameworks";
				PRODUCT_NAME = "$(TARGET_NAME)";
				TARGETED_DEVICE_FAMILY = "1,2";
			};
			name = Release;
		};
		69D2D84B1B928C120005B8CB /* Debug */ = {
			isa = XCBuildConfiguration;
			buildSettings = {
				BUNDLE_LOADER = "$(TEST_HOST)";
				FRAMEWORK_SEARCH_PATHS = (
					"$(SDKROOT)/Developer/Library/Frameworks",
					"$(inherited)",
				);
				GCC_PREPROCESSOR_DEFINITIONS = (
					"DEBUG=1",
					"$(inherited)",
				);
				INFOPLIST_FILE = LoLAppTests/Info.plist;
				LD_RUNPATH_SEARCH_PATHS = "$(inherited) @executable_path/Frameworks @loader_path/Frameworks";
				PRODUCT_NAME = "$(TARGET_NAME)";
				TEST_HOST = "$(BUILT_PRODUCTS_DIR)/LoLApp.app/LoLApp";
			};
			name = Debug;
		};
		69D2D84C1B928C120005B8CB /* Release */ = {
			isa = XCBuildConfiguration;
			buildSettings = {
				BUNDLE_LOADER = "$(TEST_HOST)";
				FRAMEWORK_SEARCH_PATHS = (
					"$(SDKROOT)/Developer/Library/Frameworks",
					"$(inherited)",
				);
				INFOPLIST_FILE = LoLAppTests/Info.plist;
				LD_RUNPATH_SEARCH_PATHS = "$(inherited) @executable_path/Frameworks @loader_path/Frameworks";
				PRODUCT_NAME = "$(TARGET_NAME)";
				TEST_HOST = "$(BUILT_PRODUCTS_DIR)/LoLApp.app/LoLApp";
			};
			name = Release;
		};
/* End XCBuildConfiguration section */

/* Begin XCConfigurationList section */
		69D2D81F1B928C120005B8CB /* Build configuration list for PBXProject "LoLApp" */ = {
			isa = XCConfigurationList;
			buildConfigurations = (
				69D2D8451B928C120005B8CB /* Debug */,
				69D2D8461B928C120005B8CB /* Release */,
			);
			defaultConfigurationIsVisible = 0;
			defaultConfigurationName = Release;
		};
		69D2D8471B928C120005B8CB /* Build configuration list for PBXNativeTarget "LoLApp" */ = {
			isa = XCConfigurationList;
			buildConfigurations = (
				69D2D8481B928C120005B8CB /* Debug */,
				69D2D8491B928C120005B8CB /* Release */,
			);
			defaultConfigurationIsVisible = 0;
			defaultConfigurationName = Release;
		};
		69D2D84A1B928C120005B8CB /* Build configuration list for PBXNativeTarget "LoLAppTests" */ = {
			isa = XCConfigurationList;
			buildConfigurations = (
				69D2D84B1B928C120005B8CB /* Debug */,
				69D2D84C1B928C120005B8CB /* Release */,
			);
			defaultConfigurationIsVisible = 0;
			defaultConfigurationName = Release;
		};
/* End XCConfigurationList section */
	};
	rootObject = 69D2D81C1B928C120005B8CB /* Project object */;
}
